
Microsoft Visual Studio Solution File, Format Version 12.00
# Visual Studio 15
VisualStudioVersion = 15.0.26730.8
MinimumVisualStudioVersion = 10.0.40219.1
Project("{FAE04EC0-301F-11D3-BF4B-00C04F79EFBC}") = "NugetTest", "NugetTest\NugetTest.csproj", "{1A697E32-D0F4-4432-841A-E55D35018F2E}"
EndProject
Global
	GlobalSection(SolutionConfigurationPlatforms) = preSolution
		Debug|Any CPU = Debug|Any CPU
		Release|Any CPU = Release|Any CPU
	EndGlobalSection
	GlobalSection(ProjectConfigurationPlatforms) = postSolution
		{1A697E32-D0F4-4432-841A-E55D35018F2E}.Debug|Any CPU.ActiveCfg = Debug|Any CPU
		{1A697E32-D0F4-4432-841A-E55D35018F2E}.Debug|Any CPU.Build.0 = Debug|Any CPU
		{1A697E32-D0F4-4432-841A-E55D35018F2E}.Release|Any CPU.ActiveCfg = Release|Any CPU
		{1A697E32-D0F4-4432-841A-E55D35018F2E}.Release|Any CPU.Build.0 = Release|Any CPU
	EndGlobalSection
	GlobalSection(SolutionProperties) = preSolution
		HideSolutionNode = FALSE
	EndGlobalSection
	GlobalSection(ExtensibilityGlobals) = postSolution
		SolutionGuid = {15BAAD4A-4BFA-4CC3-80D8-F2C6039DF4DB}
	EndGlobalSection
EndGlobal
